
Microsoft Visual Studio Solution File, Format Version 12.00
# Visual Studio 15
VisualStudioVersion = 15.0.28307.421
MinimumVisualStudioVersion = 10.0.40219.1
Project("{FAE04EC0-301F-11D3-BF4B-00C04F79EFBC}") = "Capinecas", "Capinecas\Capinecas.csproj", "{A29A5114-DC7B-4BF4-9CD6-B2194883904D}"
EndProject
Global
	GlobalSection(SolutionConfigurationPlatforms) = preSolution
		Debug|Any CPU = Debug|Any CPU
		Release|Any CPU = Release|Any CPU
	EndGlobalSection
	GlobalSection(ProjectConfigurationPlatforms) = postSolution
		{A29A5114-DC7B-4BF4-9CD6-B2194883904D}.Debug|Any CPU.ActiveCfg = Debug|Any CPU
		{A29A5114-DC7B-4BF4-9CD6-B2194883904D}.Debug|Any CPU.Build.0 = Debug|Any CPU
		{A29A5114-DC7B-4BF4-9CD6-B2194883904D}.Release|Any CPU.ActiveCfg = Release|Any CPU
		{A29A5114-DC7B-4BF4-9CD6-B2194883904D}.Release|Any CPU.Build.0 = Release|Any CPU
	EndGlobalSection
	GlobalSection(SolutionProperties) = preSolution
		HideSolutionNode = FALSE
	EndGlobalSection
	GlobalSection(ExtensibilityGlobals) = postSolution
		SolutionGuid = {83D36F8C-9039-408D-9C29-660532A1A2DE}
	EndGlobalSection
EndGlobal
